
Microsoft Visual Studio Solution File, Format Version 12.00
# Visual Studio Version 17
VisualStudioVersion = 17.5.33502.453
MinimumVisualStudioVersion = 10.0.40219.1
Project("{FAE04EC0-301F-11D3-BF4B-00C04F79EFBC}") = "Cantus", "Cantus\Cantus.csproj", "{D95616E7-4FA4-4201-8C11-C3D9530C6D32}"
EndProject
Global
	GlobalSection(SolutionConfigurationPlatforms) = preSolution
		Debug|Any CPU = Debug|Any CPU
		Release|Any CPU = Release|Any CPU
	EndGlobalSection
	GlobalSection(ProjectConfigurationPlatforms) = postSolution
		{D95616E7-4FA4-4201-8C11-C3D9530C6D32}.Debug|Any CPU.ActiveCfg = Debug|Any CPU
		{D95616E7-4FA4-4201-8C11-C3D9530C6D32}.Debug|Any CPU.Build.0 = Debug|Any CPU
		{D95616E7-4FA4-4201-8C11-C3D9530C6D32}.Release|Any CPU.ActiveCfg = Release|Any CPU
		{D95616E7-4FA4-4201-8C11-C3D9530C6D32}.Release|Any CPU.Build.0 = Release|Any CPU
	EndGlobalSection
	GlobalSection(SolutionProperties) = preSolution
		HideSolutionNode = FALSE
	EndGlobalSection
	GlobalSection(ExtensibilityGlobals) = postSolution
		SolutionGuid = {54241F50-4184-4D12-A893-F57316902479}
	EndGlobalSection
EndGlobal
